
Microsoft Visual Studio Solution File, Format Version 12.00
# Visual Studio Version 17
VisualStudioVersion = 17.4.33122.133
MinimumVisualStudioVersion = 10.0.40219.1
Project("{FAE04EC0-301F-11D3-BF4B-00C04F79EFBC}") = "DatebaseCP", "DatebaseCP\DatebaseCP.csproj", "{6257C965-9ED1-4A4B-BFE8-93F6D5F9A714}"
EndProject
Global
	GlobalSection(SolutionConfigurationPlatforms) = preSolution
		Debug|Any CPU = Debug|Any CPU
		Release|Any CPU = Release|Any CPU
	EndGlobalSection
	GlobalSection(ProjectConfigurationPlatforms) = postSolution
		{6257C965-9ED1-4A4B-BFE8-93F6D5F9A714}.Debug|Any CPU.ActiveCfg = Debug|Any CPU
		{6257C965-9ED1-4A4B-BFE8-93F6D5F9A714}.Debug|Any CPU.Build.0 = Debug|Any CPU
		{6257C965-9ED1-4A4B-BFE8-93F6D5F9A714}.Release|Any CPU.ActiveCfg = Release|Any CPU
		{6257C965-9ED1-4A4B-BFE8-93F6D5F9A714}.Release|Any CPU.Build.0 = Release|Any CPU
	EndGlobalSection
	GlobalSection(SolutionProperties) = preSolution
		HideSolutionNode = FALSE
	EndGlobalSection
	GlobalSection(ExtensibilityGlobals) = postSolution
		SolutionGuid = {CC89FF64-03C6-409C-AC10-F2544B9235A5}
	EndGlobalSection
EndGlobal
